
Microsoft Visual Studio Solution File, Format Version 11.00
# Visual Studio 2010
Project("{FAE04EC0-301F-11D3-BF4B-00C04F79EFBC}") = "CFXREditor", "CFXREditor.csproj", "{410ab05f-5476-c555-4f7b-ffd67e817cb0}"
EndProject
Project("{FAE04EC0-301F-11D3-BF4B-00C04F79EFBC}") = "Assembly-CSharp-Editor", "Assembly-CSharp-Editor.csproj", "{f645c951-59bd-e28a-4602-c7e27ec36dba}"
EndProject
Project("{FAE04EC0-301F-11D3-BF4B-00C04F79EFBC}") = "CFXRRuntime", "CFXRRuntime.csproj", "{5397c1a2-63aa-e343-3b40-6ea9e9869ac8}"
EndProject
Project("{FAE04EC0-301F-11D3-BF4B-00C04F79EFBC}") = "SimpleInput.Runtime", "SimpleInput.Runtime.csproj", "{8b6099b3-da03-8fdc-9789-8c4fc51b0f6f}"
EndProject
Project("{FAE04EC0-301F-11D3-BF4B-00C04F79EFBC}") = "Assembly-CSharp", "Assembly-CSharp.csproj", "{77025970-d2af-6693-e62b-cf4b1ae4a6ca}"
EndProject
Project("{FAE04EC0-301F-11D3-BF4B-00C04F79EFBC}") = "CFXR.WelcomeScreen", "CFXR.WelcomeScreen.csproj", "{d399071f-4f84-c9df-a148-7d68ddccb0d5}"
EndProject
Project("{FAE04EC0-301F-11D3-BF4B-00C04F79EFBC}") = "SimpleInput.Editor", "SimpleInput.Editor.csproj", "{bce3a734-4ec0-7f42-46b9-475239700f6e}"
EndProject
Project("{FAE04EC0-301F-11D3-BF4B-00C04F79EFBC}") = "CFXRDemo", "CFXRDemo.csproj", "{e12d87d2-5f57-71a8-4e09-4693a24451fc}"
EndProject
Project("{FAE04EC0-301F-11D3-BF4B-00C04F79EFBC}") = "ToonyColorsPro.Demo.Editor", "ToonyColorsPro.Demo.Editor.csproj", "{c7550dd9-50f8-45b7-bd86-1d6a9ddca07d}"
EndProject
Project("{FAE04EC0-301F-11D3-BF4B-00C04F79EFBC}") = "KinoBloom.Runtime", "KinoBloom.Runtime.csproj", "{a3438c81-70cb-2789-1133-044801e680de}"
EndProject
Global
	GlobalSection(SolutionConfigurationPlatforms) = preSolution
		Debug|Any CPU = Debug|Any CPU
	EndGlobalSection
	GlobalSection(ProjectConfigurationPlatforms) = postSolution
		{410ab05f-5476-c555-4f7b-ffd67e817cb0}.Debug|Any CPU.ActiveCfg = Debug|Any CPU
		{410ab05f-5476-c555-4f7b-ffd67e817cb0}.Debug|Any CPU.Build.0 = Debug|Any CPU
		{f645c951-59bd-e28a-4602-c7e27ec36dba}.Debug|Any CPU.ActiveCfg = Debug|Any CPU
		{f645c951-59bd-e28a-4602-c7e27ec36dba}.Debug|Any CPU.Build.0 = Debug|Any CPU
		{5397c1a2-63aa-e343-3b40-6ea9e9869ac8}.Debug|Any CPU.ActiveCfg = Debug|Any CPU
		{5397c1a2-63aa-e343-3b40-6ea9e9869ac8}.Debug|Any CPU.Build.0 = Debug|Any CPU
		{8b6099b3-da03-8fdc-9789-8c4fc51b0f6f}.Debug|Any CPU.ActiveCfg = Debug|Any CPU
		{8b6099b3-da03-8fdc-9789-8c4fc51b0f6f}.Debug|Any CPU.Build.0 = Debug|Any CPU
		{77025970-d2af-6693-e62b-cf4b1ae4a6ca}.Debug|Any CPU.ActiveCfg = Debug|Any CPU
		{77025970-d2af-6693-e62b-cf4b1ae4a6ca}.Debug|Any CPU.Build.0 = Debug|Any CPU
		{d399071f-4f84-c9df-a148-7d68ddccb0d5}.Debug|Any CPU.ActiveCfg = Debug|Any CPU
		{d399071f-4f84-c9df-a148-7d68ddccb0d5}.Debug|Any CPU.Build.0 = Debug|Any CPU
		{bce3a734-4ec0-7f42-46b9-475239700f6e}.Debug|Any CPU.ActiveCfg = Debug|Any CPU
		{bce3a734-4ec0-7f42-46b9-475239700f6e}.Debug|Any CPU.Build.0 = Debug|Any CPU
		{e12d87d2-5f57-71a8-4e09-4693a24451fc}.Debug|Any CPU.ActiveCfg = Debug|Any CPU
		{e12d87d2-5f57-71a8-4e09-4693a24451fc}.Debug|Any CPU.Build.0 = Debug|Any CPU
		{c7550dd9-50f8-45b7-bd86-1d6a9ddca07d}.Debug|Any CPU.ActiveCfg = Debug|Any CPU
		{c7550dd9-50f8-45b7-bd86-1d6a9ddca07d}.Debug|Any CPU.Build.0 = Debug|Any CPU
		{a3438c81-70cb-2789-1133-044801e680de}.Debug|Any CPU.ActiveCfg = Debug|Any CPU
		{a3438c81-70cb-2789-1133-044801e680de}.Debug|Any CPU.Build.0 = Debug|Any CPU
	EndGlobalSection
	GlobalSection(SolutionProperties) = preSolution
		HideSolutionNode = FALSE
	EndGlobalSection
EndGlobal
