
Microsoft Visual Studio Solution File, Format Version 12.00
# Visual Studio 15
Project("{FAE04EC0-301F-11D3-BF4B-00C04F79EFBC}") = "CFXREditor", "CFXREditor.csproj", "{5FB00A41-7654-55C5-4F7B-FFD67E817CB0}"
EndProject
Project("{FAE04EC0-301F-11D3-BF4B-00C04F79EFBC}") = "Assembly-CSharp-Editor", "Assembly-CSharp-Editor.csproj", "{51C945F6-BD59-8AE2-4602-C7E27EC36DBA}"
EndProject
Project("{FAE04EC0-301F-11D3-BF4B-00C04F79EFBC}") = "CFXRRuntime", "CFXRRuntime.csproj", "{A2C19753-AA63-43E3-3B40-6EA9E9869AC8}"
EndProject
Project("{FAE04EC0-301F-11D3-BF4B-00C04F79EFBC}") = "SimpleInput.Runtime", "SimpleInput.Runtime.csproj", "{B399608B-03DA-DC8F-9789-8C4FC51B0F6F}"
EndProject
Project("{FAE04EC0-301F-11D3-BF4B-00C04F79EFBC}") = "Assembly-CSharp", "Assembly-CSharp.csproj", "{70590277-AFD2-9366-E62B-CF4B1AE4A6CA}"
EndProject
Project("{FAE04EC0-301F-11D3-BF4B-00C04F79EFBC}") = "CFXR.WelcomeScreen", "CFXR.WelcomeScreen.csproj", "{1F0799D3-844F-DFC9-A148-7D68DDCCB0D5}"
EndProject
Project("{FAE04EC0-301F-11D3-BF4B-00C04F79EFBC}") = "SimpleInput.Editor", "SimpleInput.Editor.csproj", "{34A7E3BC-C04E-427F-46B9-475239700F6E}"
EndProject
Project("{FAE04EC0-301F-11D3-BF4B-00C04F79EFBC}") = "CFXRDemo", "CFXRDemo.csproj", "{D2872DE1-575F-A871-4E09-4693A24451FC}"
EndProject
Project("{FAE04EC0-301F-11D3-BF4B-00C04F79EFBC}") = "ToonyColorsPro.Demo.Editor", "ToonyColorsPro.Demo.Editor.csproj", "{D90D55C7-F850-B745-BD86-1D6A9DDCA07D}"
EndProject
Project("{FAE04EC0-301F-11D3-BF4B-00C04F79EFBC}") = "KinoBloom.Runtime", "KinoBloom.Runtime.csproj", "{818C43A3-CB70-8927-1133-044801E680DE}"
EndProject
Global
	GlobalSection(SolutionConfigurationPlatforms) = preSolution
		Debug|Any CPU = Debug|Any CPU
		Release|Any CPU = Release|Any CPU
	EndGlobalSection
	GlobalSection(ProjectConfigurationPlatforms) = postSolution
		{5FB00A41-7654-55C5-4F7B-FFD67E817CB0}.Debug|Any CPU.ActiveCfg = Debug|Any CPU
		{5FB00A41-7654-55C5-4F7B-FFD67E817CB0}.Debug|Any CPU.Build.0 = Debug|Any CPU
		{5FB00A41-7654-55C5-4F7B-FFD67E817CB0}.Release|Any CPU.ActiveCfg = Release|Any CPU
		{5FB00A41-7654-55C5-4F7B-FFD67E817CB0}.Release|Any CPU.Build.0 = Release|Any CPU
		{51C945F6-BD59-8AE2-4602-C7E27EC36DBA}.Debug|Any CPU.ActiveCfg = Debug|Any CPU
		{51C945F6-BD59-8AE2-4602-C7E27EC36DBA}.Debug|Any CPU.Build.0 = Debug|Any CPU
		{51C945F6-BD59-8AE2-4602-C7E27EC36DBA}.Release|Any CPU.ActiveCfg = Release|Any CPU
		{51C945F6-BD59-8AE2-4602-C7E27EC36DBA}.Release|Any CPU.Build.0 = Release|Any CPU
		{A2C19753-AA63-43E3-3B40-6EA9E9869AC8}.Debug|Any CPU.ActiveCfg = Debug|Any CPU
		{A2C19753-AA63-43E3-3B40-6EA9E9869AC8}.Debug|Any CPU.Build.0 = Debug|Any CPU
		{A2C19753-AA63-43E3-3B40-6EA9E9869AC8}.Release|Any CPU.ActiveCfg = Release|Any CPU
		{A2C19753-AA63-43E3-3B40-6EA9E9869AC8}.Release|Any CPU.Build.0 = Release|Any CPU
		{B399608B-03DA-DC8F-9789-8C4FC51B0F6F}.Debug|Any CPU.ActiveCfg = Debug|Any CPU
		{B399608B-03DA-DC8F-9789-8C4FC51B0F6F}.Debug|Any CPU.Build.0 = Debug|Any CPU
		{B399608B-03DA-DC8F-9789-8C4FC51B0F6F}.Release|Any CPU.ActiveCfg = Release|Any CPU
		{B399608B-03DA-DC8F-9789-8C4FC51B0F6F}.Release|Any CPU.Build.0 = Release|Any CPU
		{70590277-AFD2-9366-E62B-CF4B1AE4A6CA}.Debug|Any CPU.ActiveCfg = Debug|Any CPU
		{70590277-AFD2-9366-E62B-CF4B1AE4A6CA}.Debug|Any CPU.Build.0 = Debug|Any CPU
		{70590277-AFD2-9366-E62B-CF4B1AE4A6CA}.Release|Any CPU.ActiveCfg = Release|Any CPU
		{70590277-AFD2-9366-E62B-CF4B1AE4A6CA}.Release|Any CPU.Build.0 = Release|Any CPU
		{1F0799D3-844F-DFC9-A148-7D68DDCCB0D5}.Debug|Any CPU.ActiveCfg = Debug|Any CPU
		{1F0799D3-844F-DFC9-A148-7D68DDCCB0D5}.Debug|Any CPU.Build.0 = Debug|Any CPU
		{1F0799D3-844F-DFC9-A148-7D68DDCCB0D5}.Release|Any CPU.ActiveCfg = Release|Any CPU
		{1F0799D3-844F-DFC9-A148-7D68DDCCB0D5}.Release|Any CPU.Build.0 = Release|Any CPU
		{34A7E3BC-C04E-427F-46B9-475239700F6E}.Debug|Any CPU.ActiveCfg = Debug|Any CPU
		{34A7E3BC-C04E-427F-46B9-475239700F6E}.Debug|Any CPU.Build.0 = Debug|Any CPU
		{34A7E3BC-C04E-427F-46B9-475239700F6E}.Release|Any CPU.ActiveCfg = Release|Any CPU
		{34A7E3BC-C04E-427F-46B9-475239700F6E}.Release|Any CPU.Build.0 = Release|Any CPU
		{D2872DE1-575F-A871-4E09-4693A24451FC}.Debug|Any CPU.ActiveCfg = Debug|Any CPU
		{D2872DE1-575F-A871-4E09-4693A24451FC}.Debug|Any CPU.Build.0 = Debug|Any CPU
		{D2872DE1-575F-A871-4E09-4693A24451FC}.Release|Any CPU.ActiveCfg = Release|Any CPU
		{D2872DE1-575F-A871-4E09-4693A24451FC}.Release|Any CPU.Build.0 = Release|Any CPU
		{D90D55C7-F850-B745-BD86-1D6A9DDCA07D}.Debug|Any CPU.ActiveCfg = Debug|Any CPU
		{D90D55C7-F850-B745-BD86-1D6A9DDCA07D}.Debug|Any CPU.Build.0 = Debug|Any CPU
		{D90D55C7-F850-B745-BD86-1D6A9DDCA07D}.Release|Any CPU.ActiveCfg = Release|Any CPU
		{D90D55C7-F850-B745-BD86-1D6A9DDCA07D}.Release|Any CPU.Build.0 = Release|Any CPU
		{818C43A3-CB70-8927-1133-044801E680DE}.Debug|Any CPU.ActiveCfg = Debug|Any CPU
		{818C43A3-CB70-8927-1133-044801E680DE}.Debug|Any CPU.Build.0 = Debug|Any CPU
		{818C43A3-CB70-8927-1133-044801E680DE}.Release|Any CPU.ActiveCfg = Release|Any CPU
		{818C43A3-CB70-8927-1133-044801E680DE}.Release|Any CPU.Build.0 = Release|Any CPU
	EndGlobalSection
	GlobalSection(SolutionProperties) = preSolution
		HideSolutionNode = FALSE
	EndGlobalSection
EndGlobal
